Microsoft Visual Studio Solution File, Format Version 12.00
# Visual Studio Version 17
VisualStudioVersion = 17.5.2.0
MinimumVisualStudioVersion = 10.0.40219.1
Project("{FAE04EC0-301F-11D3-BF4B-00C04F79EFBC}") = "ECommerceApp", "ECommerceApp.csproj", "{11FB3E56-B27C-ABE2-7132-A76A71BA74D3}"
EndProject
Global
	GlobalSection(SolutionConfigurationPlatforms) = preSolution
		Debug|Any CPU = Debug|Any CPU
		Release|Any CPU = Release|Any CPU
	EndGlobalSection
	GlobalSection(ProjectConfigurationPlatforms) = postSolution
		{11FB3E56-B27C-ABE2-7132-A76A71BA74D3}.Debug|Any CPU.ActiveCfg = Debug|Any CPU
		{11FB3E56-B27C-ABE2-7132-A76A71BA74D3}.Debug|Any CPU.Build.0 = Debug|Any CPU
		{11FB3E56-B27C-ABE2-7132-A76A71BA74D3}.Release|Any CPU.ActiveCfg = Release|Any CPU
		{11FB3E56-B27C-ABE2-7132-A76A71BA74D3}.Release|Any CPU.Build.0 = Release|Any CPU
	EndGlobalSection
	GlobalSection(SolutionProperties) = preSolution
		HideSolutionNode = FALSE
	EndGlobalSection
	GlobalSection(ExtensibilityGlobals) = postSolution
		SolutionGuid = {175B0F07-1C6A-4651-A9E4-DA49ED7E1270}
	EndGlobalSection
EndGlobal
